github.com/joho/godotenv v1.3.0 h1:Zjp+RcGpHhGlrMbJzXTrZZPrWj+1vfm90La1wgB6Bhc=
github.com/joho/godotenv v1.3.0/go.mod h1:7hK45KPybAkOC6peb+G5yklZfMxEjkZhHbwpqxOKXbg=
github.com/yanzay/tbot v1.0.0 h1:pKLHIvdiHRgU5iTfpWlgMTCWyD4vIQtAsOy7LCYMsAo=
github.com/yanzay/tbot/v2 v2.2.0 h1:bK1+XTwY59IskXpwtHc/ItfU2uELTTqYP3pajfBaPeM=
github.com/yanzay/tbot/v2 v2.2.0/go.mod h1:q0+8JblBq9tLAnKHdBIZsHwDvMS9TfO6mNfaAk1VrHg=
